
Microsoft Visual Studio Solution File, Format Version 12.00
# Visual Studio Version 17
VisualStudioVersion = 17.6.33723.286
MinimumVisualStudioVersion = 10.0.40219.1
Project("{9A19103F-16F7-4668-BE54-9A1E7A4F7556}") = "Colinapp.Services.RabbitMQ", "Colinapp.Services.RabbitMQ\Colinapp.Services.RabbitMQ.csproj", "{506735CC-327F-4A30-81E4-6471875F5688}"
EndProject
Project("{FAE04EC0-301F-11D3-BF4B-00C04F79EFBC}") = "Colinapp.Test", "Colinapp.Test\Colinapp.Test.csproj", "{7EBC1256-21E9-4CFD-8B80-AE2A83B3541D}"
EndProject
Global
	GlobalSection(SolutionConfigurationPlatforms) = preSolution
		Debug|Any CPU = Debug|Any CPU
		Release|Any CPU = Release|Any CPU
	EndGlobalSection
	GlobalSection(ProjectConfigurationPlatforms) = postSolution
		{506735CC-327F-4A30-81E4-6471875F5688}.Debug|Any CPU.ActiveCfg = Debug|Any CPU
		{506735CC-327F-4A30-81E4-6471875F5688}.Debug|Any CPU.Build.0 = Debug|Any CPU
		{506735CC-327F-4A30-81E4-6471875F5688}.Release|Any CPU.ActiveCfg = Release|Any CPU
		{506735CC-327F-4A30-81E4-6471875F5688}.Release|Any CPU.Build.0 = Release|Any CPU
		{7EBC1256-21E9-4CFD-8B80-AE2A83B3541D}.Debug|Any CPU.ActiveCfg = Debug|Any CPU
		{7EBC1256-21E9-4CFD-8B80-AE2A83B3541D}.Debug|Any CPU.Build.0 = Debug|Any CPU
		{7EBC1256-21E9-4CFD-8B80-AE2A83B3541D}.Release|Any CPU.ActiveCfg = Release|Any CPU
		{7EBC1256-21E9-4CFD-8B80-AE2A83B3541D}.Release|Any CPU.Build.0 = Release|Any CPU
	EndGlobalSection
	GlobalSection(SolutionProperties) = preSolution
		HideSolutionNode = FALSE
	EndGlobalSection
	GlobalSection(ExtensibilityGlobals) = postSolution
		SolutionGuid = {49BB6C91-1BDB-45BF-A0BB-3C52FA6D0D2E}
	EndGlobalSection
EndGlobal
